
Microsoft Visual Studio Solution File, Format Version 12.00
# Visual Studio Version 17
VisualStudioVersion = 17.5.33530.505
MinimumVisualStudioVersion = 10.0.40219.1
Project("{FAE04EC0-301F-11D3-BF4B-00C04F79EFBC}") = "Project-ITO", "Project-ITO\Project-ITO.csproj", "{E07F8F4D-8537-4279-8B67-BC955C819C6B}"
EndProject
Global
	GlobalSection(SolutionConfigurationPlatforms) = preSolution
		Debug|Any CPU = Debug|Any CPU
		Release|Any CPU = Release|Any CPU
	EndGlobalSection
	GlobalSection(ProjectConfigurationPlatforms) = postSolution
		{E07F8F4D-8537-4279-8B67-BC955C819C6B}.Debug|Any CPU.ActiveCfg = Debug|Any CPU
		{E07F8F4D-8537-4279-8B67-BC955C819C6B}.Debug|Any CPU.Build.0 = Debug|Any CPU
		{E07F8F4D-8537-4279-8B67-BC955C819C6B}.Release|Any CPU.ActiveCfg = Release|Any CPU
		{E07F8F4D-8537-4279-8B67-BC955C819C6B}.Release|Any CPU.Build.0 = Release|Any CPU
	EndGlobalSection
	GlobalSection(SolutionProperties) = preSolution
		HideSolutionNode = FALSE
	EndGlobalSection
	GlobalSection(ExtensibilityGlobals) = postSolution
		SolutionGuid = {01037649-23AA-4FF3-83F2-EB0B0B2C2FBD}
	EndGlobalSection
EndGlobal
